
Microsoft Visual Studio Solution File, Format Version 12.00
# Visual Studio Version 17
VisualStudioVersion = 17.1.32328.378
MinimumVisualStudioVersion = 10.0.40219.1
Project("{FAE04EC0-301F-11D3-BF4B-00C04F79EFBC}") = "Csharp-Section-8-Exercise-5", "Csharp-Section-8-Exercise-5.csproj", "{87A690CD-3E7A-4E27-9981-15CF16333050}"
EndProject
Global
	GlobalSection(SolutionConfigurationPlatforms) = preSolution
		Debug|Any CPU = Debug|Any CPU
		Release|Any CPU = Release|Any CPU
	EndGlobalSection
	GlobalSection(ProjectConfigurationPlatforms) = postSolution
		{87A690CD-3E7A-4E27-9981-15CF16333050}.Debug|Any CPU.ActiveCfg = Debug|Any CPU
		{87A690CD-3E7A-4E27-9981-15CF16333050}.Debug|Any CPU.Build.0 = Debug|Any CPU
		{87A690CD-3E7A-4E27-9981-15CF16333050}.Release|Any CPU.ActiveCfg = Release|Any CPU
		{87A690CD-3E7A-4E27-9981-15CF16333050}.Release|Any CPU.Build.0 = Release|Any CPU
	EndGlobalSection
	GlobalSection(SolutionProperties) = preSolution
		HideSolutionNode = FALSE
	EndGlobalSection
	GlobalSection(ExtensibilityGlobals) = postSolution
		SolutionGuid = {229A8399-6E2F-4AAF-BF69-4D86A0DD65C8}
	EndGlobalSection
EndGlobal
